{
  "name": "sp",
  "lockfileVersion": 3,
  "requires": true,
  "packages": {
    "": {
      "dependencies": {
        "bootstrap": "^5.3.3",
        "push.js": "^1.0.12"
      }
    },
    "node_modules/bootstrap": {
      "version": "5.3.3",
      "resolved": "https://registry.npmjs.org/bootstrap/-/bootstrap-5.3.3.tgz",
      "integrity": "sha512-8HLCdWgyoMguSO9o+aH+iuZ+aht+mzW0u3HIMzVu7Srrpv7EBBxTnrFlSCskwdY1+EOFQSm7uMJhNQHkdPcmjg==",
      "funding": [
        {
          "type": "github",
          "url": "https://github.com/sponsors/twbs"
        },
        {
          "type": "opencollective",
          "url": "https://opencollective.com/bootstrap"
        }
      ],
      "peerDependencies": {
        "@popperjs/core": "^2.11.8"
      }
    },
    "node_modules/push.js": {
      "version": "1.0.12",
      "resolved": "https://registry.npmjs.org/push.js/-/push.js-1.0.12.tgz",
      "integrity": "sha512-Mo/zkrPD58hcbMvC/9WveUPGz0PJ4T5UwQJP6DnMYbyxe7b1xM/9qqmJTMmDcprbZjCtLzf9wWtek7gA8O9QBw=="
    }
  }
}
